
Microsoft Visual Studio Solution File, Format Version 12.00
# Visual Studio Version 17
VisualStudioVersion = 17.12.35506.116
MinimumVisualStudioVersion = 10.0.40219.1
Project("{2150E333-8FDC-42A3-9474-1A3956D46DE8}") = "src", "src", "{98DD1BC2-C47C-457B-B3E9-9002C5496550}"
EndProject
Project("{2150E333-8FDC-42A3-9474-1A3956D46DE8}") = "Core", "Core", "{F2C7E987-7CDE-4E8B-8754-01E15005D975}"
EndProject
Project("{2150E333-8FDC-42A3-9474-1A3956D46DE8}") = "Infraestructure", "Infraestructure", "{1B8D9CA0-3D01-4265-A661-6FB34639F410}"
EndProject
Project("{2150E333-8FDC-42A3-9474-1A3956D46DE8}") = "Presentation", "Presentation", "{DB9BCC2E-5F7B-4808-BB89-E26AC6D53AE4}"
EndProject
Project("{FAE04EC0-301F-11D3-BF4B-00C04F79EFBC}") = "Application", "Aplication\Application.csproj", "{77F56039-7371-47E3-97E4-64849D763FDB}"
EndProject
Project("{FAE04EC0-301F-11D3-BF4B-00C04F79EFBC}") = "Domain", "Domain\Domain.csproj", "{2333A6BB-25E7-48AE-9A42-88E1C2BB6F78}"
EndProject
Project("{FAE04EC0-301F-11D3-BF4B-00C04F79EFBC}") = "Persistence", "Persistence\Persistence.csproj", "{58800F8A-A2D5-40CB-831A-FF76FAF22040}"
EndProject
Project("{FAE04EC0-301F-11D3-BF4B-00C04F79EFBC}") = "Shared", "Shared\Shared.csproj", "{C2207251-8F16-4374-A357-3D3F645F9DC9}"
EndProject
Project("{FAE04EC0-301F-11D3-BF4B-00C04F79EFBC}") = "WebApi", "WebApi\WebApi.csproj", "{35717018-10C6-4AE2-9A02-AA66397293F0}"
EndProject
Project("{FAE04EC0-301F-11D3-BF4B-00C04F79EFBC}") = "Identity", "Identity\Identity.csproj", "{8E9979D4-AC45-4514-B5DD-F2DDEABECC9B}"
EndProject
Global
	GlobalSection(SolutionConfigurationPlatforms) = preSolution
		Debug|Any CPU = Debug|Any CPU
		Release|Any CPU = Release|Any CPU
	EndGlobalSection
	GlobalSection(ProjectConfigurationPlatforms) = postSolution
		{77F56039-7371-47E3-97E4-64849D763FDB}.Debug|Any CPU.ActiveCfg = Debug|Any CPU
		{77F56039-7371-47E3-97E4-64849D763FDB}.Debug|Any CPU.Build.0 = Debug|Any CPU
		{77F56039-7371-47E3-97E4-64849D763FDB}.Release|Any CPU.ActiveCfg = Release|Any CPU
		{77F56039-7371-47E3-97E4-64849D763FDB}.Release|Any CPU.Build.0 = Release|Any CPU
		{2333A6BB-25E7-48AE-9A42-88E1C2BB6F78}.Debug|Any CPU.ActiveCfg = Debug|Any CPU
		{2333A6BB-25E7-48AE-9A42-88E1C2BB6F78}.Debug|Any CPU.Build.0 = Debug|Any CPU
		{2333A6BB-25E7-48AE-9A42-88E1C2BB6F78}.Release|Any CPU.ActiveCfg = Release|Any CPU
		{2333A6BB-25E7-48AE-9A42-88E1C2BB6F78}.Release|Any CPU.Build.0 = Release|Any CPU
		{58800F8A-A2D5-40CB-831A-FF76FAF22040}.Debug|Any CPU.ActiveCfg = Debug|Any CPU
		{58800F8A-A2D5-40CB-831A-FF76FAF22040}.Debug|Any CPU.Build.0 = Debug|Any CPU
		{58800F8A-A2D5-40CB-831A-FF76FAF22040}.Release|Any CPU.ActiveCfg = Release|Any CPU
		{58800F8A-A2D5-40CB-831A-FF76FAF22040}.Release|Any CPU.Build.0 = Release|Any CPU
		{C2207251-8F16-4374-A357-3D3F645F9DC9}.Debug|Any CPU.ActiveCfg = Debug|Any CPU
		{C2207251-8F16-4374-A357-3D3F645F9DC9}.Debug|Any CPU.Build.0 = Debug|Any CPU
		{C2207251-8F16-4374-A357-3D3F645F9DC9}.Release|Any CPU.ActiveCfg = Release|Any CPU
		{C2207251-8F16-4374-A357-3D3F645F9DC9}.Release|Any CPU.Build.0 = Release|Any CPU
		{35717018-10C6-4AE2-9A02-AA66397293F0}.Debug|Any CPU.ActiveCfg = Debug|Any CPU
		{35717018-10C6-4AE2-9A02-AA66397293F0}.Debug|Any CPU.Build.0 = Debug|Any CPU
		{35717018-10C6-4AE2-9A02-AA66397293F0}.Release|Any CPU.ActiveCfg = Release|Any CPU
		{35717018-10C6-4AE2-9A02-AA66397293F0}.Release|Any CPU.Build.0 = Release|Any CPU
		{8E9979D4-AC45-4514-B5DD-F2DDEABECC9B}.Debug|Any CPU.ActiveCfg = Debug|Any CPU
		{8E9979D4-AC45-4514-B5DD-F2DDEABECC9B}.Debug|Any CPU.Build.0 = Debug|Any CPU
		{8E9979D4-AC45-4514-B5DD-F2DDEABECC9B}.Release|Any CPU.ActiveCfg = Release|Any CPU
		{8E9979D4-AC45-4514-B5DD-F2DDEABECC9B}.Release|Any CPU.Build.0 = Release|Any CPU
	EndGlobalSection
	GlobalSection(SolutionProperties) = preSolution
		HideSolutionNode = FALSE
	EndGlobalSection
	GlobalSection(NestedProjects) = preSolution
		{F2C7E987-7CDE-4E8B-8754-01E15005D975} = {98DD1BC2-C47C-457B-B3E9-9002C5496550}
		{1B8D9CA0-3D01-4265-A661-6FB34639F410} = {98DD1BC2-C47C-457B-B3E9-9002C5496550}
		{DB9BCC2E-5F7B-4808-BB89-E26AC6D53AE4} = {98DD1BC2-C47C-457B-B3E9-9002C5496550}
		{77F56039-7371-47E3-97E4-64849D763FDB} = {F2C7E987-7CDE-4E8B-8754-01E15005D975}
		{2333A6BB-25E7-48AE-9A42-88E1C2BB6F78} = {F2C7E987-7CDE-4E8B-8754-01E15005D975}
		{58800F8A-A2D5-40CB-831A-FF76FAF22040} = {1B8D9CA0-3D01-4265-A661-6FB34639F410}
		{C2207251-8F16-4374-A357-3D3F645F9DC9} = {1B8D9CA0-3D01-4265-A661-6FB34639F410}
		{35717018-10C6-4AE2-9A02-AA66397293F0} = {DB9BCC2E-5F7B-4808-BB89-E26AC6D53AE4}
		{8E9979D4-AC45-4514-B5DD-F2DDEABECC9B} = {1B8D9CA0-3D01-4265-A661-6FB34639F410}
	EndGlobalSection
EndGlobal
